
Microsoft Visual Studio Solution File, Format Version 12.00
# Visual Studio Version 17
VisualStudioVersion = 17.3.32901.215
MinimumVisualStudioVersion = 10.0.40219.1
Project("{FAE04EC0-301F-11D3-BF4B-00C04F79EFBC}") = "RPG Game", "RPG Game\RPG Game.csproj", "{77217F27-9CE9-4B16-A8CB-F88C68154D22}"
EndProject
Global
	GlobalSection(SolutionConfigurationPlatforms) = preSolution
		Debug|Any CPU = Debug|Any CPU
		Release|Any CPU = Release|Any CPU
	EndGlobalSection
	GlobalSection(ProjectConfigurationPlatforms) = postSolution
		{77217F27-9CE9-4B16-A8CB-F88C68154D22}.Debug|Any CPU.ActiveCfg = Debug|Any CPU
		{77217F27-9CE9-4B16-A8CB-F88C68154D22}.Debug|Any CPU.Build.0 = Debug|Any CPU
		{77217F27-9CE9-4B16-A8CB-F88C68154D22}.Release|Any CPU.ActiveCfg = Release|Any CPU
		{77217F27-9CE9-4B16-A8CB-F88C68154D22}.Release|Any CPU.Build.0 = Release|Any CPU
	EndGlobalSection
	GlobalSection(SolutionProperties) = preSolution
		HideSolutionNode = FALSE
	EndGlobalSection
	GlobalSection(ExtensibilityGlobals) = postSolution
		SolutionGuid = {AD650AD9-8B3D-437E-B70B-96E55D0F5333}
	EndGlobalSection
EndGlobal
